{
  "version": "4",
  "specifiers": {
    "jsr:@std/async@*": "1.0.10",
    "jsr:@std/cli@1.0.13": "1.0.13",
    "jsr:@std/fs@*": "1.0.5",
    "jsr:@std/path@*": "1.0.8",
    "jsr:@std/yaml@1.0.5": "1.0.5"
  },
  "jsr": {
    "@std/async@1.0.10": {
      "integrity": "2ff1b1c7d33d1416159989b0f69e59ec7ee8cb58510df01e454def2108b3dbec"
    },
    "@std/cli@1.0.13": {
      "integrity": "5db2d95ab2dca3bca9fb6ad3c19908c314e93d6391c8b026725e4892d4615a69"
    },
    "@std/fs@1.0.5": {
      "integrity": "41806ad6823d0b5f275f9849a2640d87e4ef67c51ee1b8fb02426f55e02fd44e"
    },
    "@std/path@1.0.8": {
      "integrity": "548fa456bb6a04d3c1a1e7477986b6cffbce95102d0bb447c67c4ee70e0364be"
    },
    "@std/yaml@1.0.5": {
      "integrity": "71ba3d334305ee2149391931508b2c293a8490f94a337eef3a09cade1a2a2742"
    }
  }
}
